
Microsoft Visual Studio Solution File, Format Version 12.00
# Visual Studio Version 16
VisualStudioVersion = 16.0.31229.75
MinimumVisualStudioVersion = 10.0.40219.1
Project("{9A19103F-16F7-4668-BE54-9A1E7A4F7556}") = "WishyList.Web", "WishyList.Web\WishyList.Web.csproj", "{982ABE82-A33E-4862-88F9-4AE9E8501850}"
EndProject
Global
	GlobalSection(SolutionConfigurationPlatforms) = preSolution
		Debug|Any CPU = Debug|Any CPU
		Release|Any CPU = Release|Any CPU
	EndGlobalSection
	GlobalSection(ProjectConfigurationPlatforms) = postSolution
		{982ABE82-A33E-4862-88F9-4AE9E8501850}.Debug|Any CPU.ActiveCfg = Debug|Any CPU
		{982ABE82-A33E-4862-88F9-4AE9E8501850}.Debug|Any CPU.Build.0 = Debug|Any CPU
		{982ABE82-A33E-4862-88F9-4AE9E8501850}.Release|Any CPU.ActiveCfg = Release|Any CPU
		{982ABE82-A33E-4862-88F9-4AE9E8501850}.Release|Any CPU.Build.0 = Release|Any CPU
	EndGlobalSection
	GlobalSection(SolutionProperties) = preSolution
		HideSolutionNode = FALSE
	EndGlobalSection
	GlobalSection(ExtensibilityGlobals) = postSolution
		SolutionGuid = {75AB29E1-B83F-472F-938D-3B7303157F07}
	EndGlobalSection
EndGlobal
